{
  "nodes": {
    "batch": {
      "flake": false,
      "locked": {
        "lastModified": 1743002481,
        "narHash": "sha256-QIA0p7KshOO+cHrQzXyZY+1M33D6XRDkP7NCKp5PY4M=",
        "owner": "A3DAndre",
        "repo": "templates",
        "rev": "337c1677f377e640da648f1b37e9b564833dbf91",
        "type": "github"
      },
      "original": {
        "owner": "A3DAndre",
        "repo": "templates",
        "type": "github"
      }
    },
    "buora": {
      "flake": false,
      "locked": {
        "lastModified": 1738588059,
        "narHash": "sha256-bXmbTsuMeMKIdRLXc93TstLAVjDkuROumPS+AM6/Hmg=",
        "ref": "main",
        "rev": "9d7570fd484e9c5dedbc0da7f0be212d802b556f",
        "revCount": 14,
        "type": "git",
        "url": "ssh://git@github.com/A3Data/buora-oficial.git"
      },
      "original": {
        "ref": "main",
        "type": "git",
        "url": "ssh://git@github.com/A3Data/buora-oficial.git"
      }
    },
    "buora_infra": {
      "flake": false,
      "locked": {
        "lastModified": 1742492627,
        "narHash": "sha256-jXtAH86lF8FcfPD12qU4U8V43SuFSJhPJVrvjnr5QPA=",
        "ref": "refact/clear-buora-lambda",
        "rev": "68628c0ddb4ae9e270458bbb2b992a26e2fd8789",
        "revCount": 111,
        "type": "git",
        "url": "ssh://git@github.com/A3Data/buora_infra.git"
      },
      "original": {
        "ref": "refact/clear-buora-lambda",
        "type": "git",
        "url": "ssh://git@github.com/A3Data/buora_infra.git"
      }
    },
    "nixpkgs": {
      "locked": {
        "lastModified": 1743583204,
        "narHash": "sha256-F7n4+KOIfWrwoQjXrL2wD9RhFYLs2/GGe/MQY1sSdlE=",
        "owner": "NixOS",
        "repo": "nixpkgs",
        "rev": "2c8d3f48d33929642c1c12cd243df4cc7d2ce434",
        "type": "github"
      },
      "original": {
        "owner": "NixOS",
        "ref": "nixos-unstable",
        "repo": "nixpkgs",
        "type": "github"
      }
    },
    "root": {
      "inputs": {
        "batch": "batch",
        "buora": "buora",
        "buora_infra": "buora_infra",
        "nixpkgs": "nixpkgs"
      }
    }
  },
  "root": "root",
  "version": 7
}
