{
  "nodes": {
    "batch": {
      "flake": false,
      "locked": {
        "lastModified": 1743002481,
        "narHash": "sha256-QIA0p7KshOO+cHrQzXyZY+1M33D6XRDkP7NCKp5PY4M=",
        "owner": "A3DAndre",
        "repo": "templates",
        "rev": "337c1677f377e640da648f1b37e9b564833dbf91",
        "type": "github"
      },
      "original": {
        "owner": "A3DAndre",
        "repo": "templates",
        "type": "github"
      }
    },
    "nixpkgs": {
      "locked": {
        "lastModified": 1742889210,
        "narHash": "sha256-hw63HnwnqU3ZQfsMclLhMvOezpM7RSB0dMAtD5/sOiw=",
        "owner": "NixOS",
        "repo": "nixpkgs",
        "rev": "698214a32beb4f4c8e3942372c694f40848b360d",
        "type": "github"
      },
      "original": {
        "owner": "NixOS",
        "ref": "nixos-unstable",
        "repo": "nixpkgs",
        "type": "github"
      }
    },
    "root": {
      "inputs": {
        "batch": "batch",
        "nixpkgs": "nixpkgs"
      }
    }
  },
  "root": "root",
  "version": 7
}
